// !$*UTF8*$!
{
	archiveVersion = 1;
	classes = {
	};
	objectVersion = 50;
	objects = {

/* Begin PBXBuildFile section */
		0B12BD82268F451E00915F1E /* AppDelegate.swift in Sources */ = {isa = PBXBuildFile; fileRef = 0B12BD81268F451E00915F1E /* AppDelegate.swift */; };
		0B12BD84268F451E00915F1E /* ViewController.swift in Sources */ = {isa = PBXBuildFile; fileRef = 0B12BD83268F451E00915F1E /* ViewController.swift */; };
		0B12BD87268F451E00915F1E /* Main.storyboard in Resources */ = {isa = PBXBuildFile; fileRef = 0B12BD85268F451E00915F1E /* Main.storyboard */; };
		0B12BD8C268F452700915F1E /* LaunchScreen.storyboard in Resources */ = {isa = PBXBuildFile; fileRef = 0B12BD8A268F452700915F1E /* LaunchScreen.storyboard */; };
		0B7F3E592695BA8B00138A3D /* Assets.xcassets in Resources */ = {isa = PBXBuildFile; fileRef = 0B7F3E582695BA8B00138A3D /* Assets.xcassets */; };
		0BCC15CE2690BA5A00DE2AAE /* Extension.swift in Sources */ = {isa = PBXBuildFile; fileRef = 0BCC15CD2690BA5A00DE2AAE /* Extension.swift */; };
		0BCC15D02690BADE00DE2AAE /* LeaderboardVC.swift in Sources */ = {isa = PBXBuildFile; fileRef = 0BCC15CF2690BADE00DE2AAE /* LeaderboardVC.swift */; };
		0BCC15E42690CA0000DE2AAE /* MainPageViewController.swift in Sources */ = {isa = PBXBuildFile; fileRef = 0BCC15E32690CA0000DE2AAE /* MainPageViewController.swift */; };
/* End PBXBuildFile section */

/* Begin PBXFileReference section */
		0B12BD7E268F451D00915F1E /* Tap it.app */ = {isa = PBXFileReference; explicitFileType = wrapper.application; includeInIndex = 0; path = "Tap it.app"; sourceTree = BUILT_PRODUCTS_DIR; };
		0B12BD81268F451E00915F1E /* AppDelegate.swift */ = {isa = PBXFileReference; lastKnownFileType = sourcecode.swift; path = AppDelegate.swift; sourceTree = "<group>"; };
		0B12BD83268F451E00915F1E /* ViewController.swift */ = {isa = PBXFileReference; lastKnownFileType = sourcecode.swift; path = ViewController.swift; sourceTree = "<group>"; };
		0B12BD86268F451E00915F1E /* Base */ = {isa = PBXFileReference; lastKnownFileType = file.storyboard; name = Base; path = Base.lproj/Main.storyboard; sourceTree = "<group>"; };
		0B12BD8B268F452700915F1E /* Base */ = {isa = PBXFileReference; lastKnownFileType = file.storyboard; name = Base; path = Base.lproj/LaunchScreen.storyboard; sourceTree = "<group>"; };
		0B12BD8D268F452700915F1E /* Info.plist */ = {isa = PBXFileReference; lastKnownFileType = text.plist.xml; path = Info.plist; sourceTree = "<group>"; };
		0B7F3E582695BA8B00138A3D /* Assets.xcassets */ = {isa = PBXFileReference; lastKnownFileType = folder.assetcatalog; name = Assets.xcassets; path = ../../../.Trash/Assets.xcassets; sourceTree = "<group>"; };
		0BCC15CD2690BA5A00DE2AAE /* Extension.swift */ = {isa = PBXFileReference; lastKnownFileType = sourcecode.swift; path = Extension.swift; sourceTree = "<group>"; };
		0BCC15CF2690BADE00DE2AAE /* LeaderboardVC.swift */ = {isa = PBXFileReference; lastKnownFileType = sourcecode.swift; path = LeaderboardVC.swift; sourceTree = "<group>"; };
		0BCC15E32690CA0000DE2AAE /* MainPageViewController.swift */ = {isa = PBXFileReference; lastKnownFileType = sourcecode.swift; path = MainPageViewController.swift; sourceTree = "<group>"; };
/* End PBXFileReference section */

/* Begin PBXFrameworksBuildPhase section */
		0B12BD7B268F451D00915F1E /* Frameworks */ = {
			isa = PBXFrameworksBuildPhase;
			buildActionMask = 2147483647;
			files = (
			);
			runOnlyForDeploymentPostprocessing = 0;
		};
/* End PBXFrameworksBuildPhase section */

/* Begin PBXGroup section */
		0B12BD75268F451D00915F1E = {
			isa = PBXGroup;
			children = (
				0B12BD80268F451D00915F1E /* Tap it */,
				0B12BD7F268F451D00915F1E /* Products */,
			);
			sourceTree = "<group>";
		};
		0B12BD7F268F451D00915F1E /* Products */ = {
			isa = PBXGroup;
			children = (
				0B12BD7E268F451D00915F1E /* Tap it.app */,
			);
			name = Products;
			sourceTree = "<group>";
		};
		0B12BD80268F451D00915F1E /* Tap it */ = {
			isa = PBXGroup;
			children = (
				0BCC15E32690CA0000DE2AAE /* MainPageViewController.swift */,
				0B12BD83268F451E00915F1E /* ViewController.swift */,
				0BCC15CF2690BADE00DE2AAE /* LeaderboardVC.swift */,
				0BCC15CD2690BA5A00DE2AAE /* Extension.swift */,
				0B7F3E582695BA8B00138A3D /* Assets.xcassets */,
				0B12BD85268F451E00915F1E /* Main.storyboard */,
				0B12BD8A268F452700915F1E /* LaunchScreen.storyboard */,
				0B12BD8D268F452700915F1E /* Info.plist */,
				0B12BD81268F451E00915F1E /* AppDelegate.swift */,
			);
			path = "Tap it";
			sourceTree = "<group>";
		};
/* End PBXGroup section */

/* Begin PBXNativeTarget section */
		0B12BD7D268F451D00915F1E /* Tap it */ = {
			isa = PBXNativeTarget;
			buildConfigurationList = 0B12BD90268F452700915F1E /* Build configuration list for PBXNativeTarget "Tap it" */;
			buildPhases = (
				0B12BD7A268F451D00915F1E /* Sources */,
				0B12BD7B268F451D00915F1E /* Frameworks */,
				0B12BD7C268F451D00915F1E /* Resources */,
			);
			buildRules = (
			);
			dependencies = (
			);
			name = "Tap it";
			productName = "Tap it";
			productReference = 0B12BD7E268F451D00915F1E /* Tap it.app */;
			productType = "com.apple.product-type.application";
		};
/* End PBXNativeTarget section */

/* Begin PBXProject section */
		0B12BD76268F451D00915F1E /* Project object */ = {
			isa = PBXProject;
			attributes = {
				LastSwiftUpdateCheck = 1020;
				LastUpgradeCheck = 1020;
				ORGANIZATIONNAME = DCS;
				TargetAttributes = {
					0B12BD7D268F451D00915F1E = {
						CreatedOnToolsVersion = 10.2.1;
					};
				};
			};
			buildConfigurationList = 0B12BD79268F451D00915F1E /* Build configuration list for PBXProject "Tap it" */;
			compatibilityVersion = "Xcode 9.3";
			developmentRegion = en;
			hasScannedForEncodings = 0;
			knownRegions = (
				en,
				Base,
			);
			mainGroup = 0B12BD75268F451D00915F1E;
			productRefGroup = 0B12BD7F268F451D00915F1E /* Products */;
			projectDirPath = "";
			projectRoot = "";
			targets = (
				0B12BD7D268F451D00915F1E /* Tap it */,
			);
		};
/* End PBXProject section */

/* Begin PBXResourcesBuildPhase section */
		0B12BD7C268F451D00915F1E /* Resources */ = {
			isa = PBXResourcesBuildPhase;
			buildActionMask = 2147483647;
			files = (
				0B12BD8C268F452700915F1E /* LaunchScreen.storyboard in Resources */,
				0B7F3E592695BA8B00138A3D /* Assets.xcassets in Resources */,
				0B12BD87268F451E00915F1E /* Main.storyboard in Resources */,
			);
			runOnlyForDeploymentPostprocessing = 0;
		};
/* End PBXResourcesBuildPhase section */

/* Begin PBXSourcesBuildPhase section */
		0B12BD7A268F451D00915F1E /* Sources */ = {
			isa = PBXSourcesBuildPhase;
			buildActionMask = 2147483647;
			files = (
				0BCC15D02690BADE00DE2AAE /* LeaderboardVC.swift in Sources */,
				0BCC15CE2690BA5A00DE2AAE /* Extension.swift in Sources */,
				0B12BD84268F451E00915F1E /* ViewController.swift in Sources */,
				0B12BD82268F451E00915F1E /* AppDelegate.swift in Sources */,
				0BCC15E42690CA0000DE2AAE /* MainPageViewController.swift in Sources */,
			);
			runOnlyForDeploymentPostprocessing = 0;
		};
/* End PBXSourcesBuildPhase section */

/* Begin PBXVariantGroup section */
		0B12BD85268F451E00915F1E /* Main.storyboard */ = {
			isa = PBXVariantGroup;
			children = (
				0B12BD86268F451E00915F1E /* Base */,
			);
			name = Main.storyboard;
			sourceTree = "<group>";
		};
		0B12BD8A268F452700915F1E /* LaunchScreen.storyboard */ = {
			isa = PBXVariantGroup;
			children = (
				0B12BD8B268F452700915F1E /* Base */,
			);
			name = LaunchScreen.storyboard;
			sourceTree = "<group>";
		};
/* End PBXVariantGroup section */

/* Begin XCBuildConfiguration section */
		0B12BD8E268F452700915F1E /* Debug */ = {
			isa = XCBuildConfiguration;
			buildSettings = {
				ALWAYS_SEARCH_USER_PATHS = NO;
				CLANG_ANALYZER_NONNULL = YES;
				CLANG_ANALYZER_NUMBER_OBJECT_CONVERSION = YES_AGGRESSIVE;
				CLANG_CXX_LANGUAGE_STANDARD = "gnu++14";
				CLANG_CXX_LIBRARY = "libc++";
				CLANG_ENABLE_MODULES = YES;
				CLANG_ENABLE_OBJC_ARC = YES;
				CLANG_ENABLE_OBJC_WEAK = YES;
				CLANG_WARN_BLOCK_CAPTURE_AUTORELEASING = YES;
				CLANG_WARN_BOOL_CONVERSION = YES;
				CLANG_WARN_COMMA = YES;
				CLANG_WARN_CONSTANT_CONVERSION = YES;
				CLANG_WARN_DEPRECATED_OBJC_IMPLEMENTATIONS = YES;
				CLANG_WARN_DIRECT_OBJC_ISA_USAGE = YES_ERROR;
				CLANG_WARN_DOCUMENTATION_COMMENTS = YES;
				CLANG_WARN_EMPTY_BODY = YES;
				CLANG_WARN_ENUM_CONVERSION = YES;
				CLANG_WARN_INFINITE_RECURSION = YES;
				CLANG_WARN_INT_CONVERSION = YES;
				CLANG_WARN_NON_LITERAL_NULL_CONVERSION = YES;
				CLANG_WARN_OBJC_IMPLICIT_RETAIN_SELF = YES;
				CLANG_WARN_OBJC_LITERAL_CONVERSION = YES;
				CLANG_WARN_OBJC_ROOT_CLASS = YES_ERROR;
				CLANG_WARN_RANGE_LOOP_ANALYSIS = YES;
				CLANG_WARN_STRICT_PROTOTYPES = YES;
				CLANG_WARN_SUSPICIOUS_MOVE = YES;
				CLANG_WARN_UNGUARDED_AVAILABILITY = YES_AGGRESSIVE;
				CLANG_WARN_UNREACHABLE_CODE = YES;
				CLANG_WARN__DUPLICATE_METHOD_MATCH = YES;
				CODE_SIGN_IDENTITY = "iPhone Developer";
				COPY_PHASE_STRIP = NO;
				DEBUG_INFORMATION_FORMAT = dwarf;
				ENABLE_STRICT_OBJC_MSGSEND = YES;
				ENABLE_TESTABILITY = YES;
				GCC_C_LANGUAGE_STANDARD = gnu11;
				GCC_DYNAMIC_NO_PIC = NO;
				GCC_NO_COMMON_BLOCKS = YES;
				GCC_OPTIMIZATION_LEVEL = 0;
				GCC_PREPROCESSOR_DEFINITIONS = (
					"DEBUG=1",
					"$(inherited)",
				);
				GCC_WARN_64_TO_32_BIT_CONVERSION = YES;
				GCC_WARN_ABOUT_RETURN_TYPE = YES_ERROR;
				GCC_WARN_UNDECLARED_SELECTOR = YES;
				GCC_WARN_UNINITIALIZED_AUTOS = YES_AGGRESSIVE;
				GCC_WARN_UNUSED_FUNCTION = YES;
				GCC_WARN_UNUSED_VARIABLE = YES;
				IPHONEOS_DEPLOYMENT_TARGET = 12.2;
				MTL_ENABLE_DEBUG_INFO = INCLUDE_SOURCE;
				MTL_FAST_MATH = YES;
				ONLY_ACTIVE_ARCH = YES;
				SDKROOT = iphoneos;
				SWIFT_ACTIVE_COMPILATION_CONDITIONS = DEBUG;
				SWIFT_OPTIMIZATION_LEVEL = "-Onone";
			};
			name = Debug;
		};
		0B12BD8F268F452700915F1E /* Release */ = {
			isa = XCBuildConfiguration;
			buildSettings = {
				ALWAYS_SEARCH_USER_PATHS = NO;
				CLANG_ANALYZER_NONNULL = YES;
				CLANG_ANALYZER_NUMBER_OBJECT_CONVERSION = YES_AGGRESSIVE;
				CLANG_CXX_LANGUAGE_STANDARD = "gnu++14";
				CLANG_CXX_LIBRARY = "libc++";
				CLANG_ENABLE_MODULES = YES;
				CLANG_ENABLE_OBJC_ARC = YES;
				CLANG_ENABLE_OBJC_WEAK = YES;
				CLANG_WARN_BLOCK_CAPTURE_AUTORELEASING = YES;
				CLANG_WARN_BOOL_CONVERSION = YES;
				CLANG_WARN_COMMA = YES;
				CLANG_WARN_CONSTANT_CONVERSION = YES;
				CLANG_WARN_DEPRECATED_OBJC_IMPLEMENTATIONS = YES;
				CLANG_WARN_DIRECT_OBJC_ISA_USAGE = YES_ERROR;
				CLANG_WARN_DOCUMENTATION_COMMENTS = YES;
				CLANG_WARN_EMPTY_BODY = YES;
				CLANG_WARN_ENUM_CONVERSION = YES;
				CLANG_WARN_INFINITE_RECURSION = YES;
				CLANG_WARN_INT_CONVERSION = YES;
				CLANG_WARN_NON_LITERAL_NULL_CONVERSION = YES;
				CLANG_WARN_OBJC_IMPLICIT_RETAIN_SELF = YES;
				CLANG_WARN_OBJC_LITERAL_CONVERSION = YES;
				CLANG_WARN_OBJC_ROOT_CLASS = YES_ERROR;
				CLANG_WARN_RANGE_LOOP_ANALYSIS = YES;
				CLANG_WARN_STRICT_PROTOTYPES = YES;
				CLANG_WARN_SUSPICIOUS_MOVE = YES;
				CLANG_WARN_UNGUARDED_AVAILABILITY = YES_AGGRESSIVE;
				CLANG_WARN_UNREACHABLE_CODE = YES;
				CLANG_WARN__DUPLICATE_METHOD_MATCH = YES;
				CODE_SIGN_IDENTITY = "iPhone Developer";
				COPY_PHASE_STRIP = NO;
				DEBUG_INFORMATION_FORMAT = "dwarf-with-dsym";
				ENABLE_NS_ASSERTIONS = NO;
				ENABLE_STRICT_OBJC_MSGSEND = YES;
				GCC_C_LANGUAGE_STANDARD = gnu11;
				GCC_NO_COMMON_BLOCKS = YES;
				GCC_WARN_64_TO_32_BIT_CONVERSION = YES;
				GCC_WARN_ABOUT_RETURN_TYPE = YES_ERROR;
				GCC_WARN_UNDECLARED_SELECTOR = YES;
				GCC_WARN_UNINITIALIZED_AUTOS = YES_AGGRESSIVE;
				GCC_WARN_UNUSED_FUNCTION = YES;
				GCC_WARN_UNUSED_VARIABLE = YES;
				IPHONEOS_DEPLOYMENT_TARGET = 12.2;
				MTL_ENABLE_DEBUG_INFO = NO;
				MTL_FAST_MATH = YES;
				SDKROOT = iphoneos;
				SWIFT_COMPILATION_MODE = wholemodule;
				SWIFT_OPTIMIZATION_LEVEL = "-O";
				VALIDATE_PRODUCT = YES;
			};
			name = Release;
		};
		0B12BD91268F452700915F1E /* Debug */ = {
			isa = XCBuildConfiguration;
			buildSettings = {
				ASSETCATALOG_COMPILER_APPICON_NAME = AppIcon;
				CODE_SIGN_STYLE = Automatic;
				INFOPLIST_FILE = "Tap it/Info.plist";
				LD_RUNPATH_SEARCH_PATHS = (
					"$(inherited)",
					"@executable_path/Frameworks",
				);
				PRODUCT_BUNDLE_IDENTIFIER = "in.ac.vnsgu.dcs.Tap-it";
				PRODUCT_NAME = "$(TARGET_NAME)";
				SWIFT_VERSION = 5.0;
				TARGETED_DEVICE_FAMILY = "1,2";
			};
			name = Debug;
		};
		0B12BD92268F452700915F1E /* Release */ = {
			isa = XCBuildConfiguration;
			buildSettings = {
				ASSETCATALOG_COMPILER_APPICON_NAME = AppIcon;
				CODE_SIGN_STYLE = Automatic;
				INFOPLIST_FILE = "Tap it/Info.plist";
				LD_RUNPATH_SEARCH_PATHS = (
					"$(inherited)",
					"@executable_path/Frameworks",
				);
				PRODUCT_BUNDLE_IDENTIFIER = "in.ac.vnsgu.dcs.Tap-it";
				PRODUCT_NAME = "$(TARGET_NAME)";
				SWIFT_VERSION = 5.0;
				TARGETED_DEVICE_FAMILY = "1,2";
			};
			name = Release;
		};
/* End XCBuildConfiguration section */

/* Begin XCConfigurationList section */
		0B12BD79268F451D00915F1E /* Build configuration list for PBXProject "Tap it" */ = {
			isa = XCConfigurationList;
			buildConfigurations = (
				0B12BD8E268F452700915F1E /* Debug */,
				0B12BD8F268F452700915F1E /* Release */,
			);
			defaultConfigurationIsVisible = 0;
			defaultConfigurationName = Release;
		};
		0B12BD90268F452700915F1E /* Build configuration list for PBXNativeTarget "Tap it" */ = {
			isa = XCConfigurationList;
			buildConfigurations = (
				0B12BD91268F452700915F1E /* Debug */,
				0B12BD92268F452700915F1E /* Release */,
			);
			defaultConfigurationIsVisible = 0;
			defaultConfigurationName = Release;
		};
/* End XCConfigurationList section */
	};
	rootObject = 0B12BD76268F451D00915F1E /* Project object */;
}
